github.com/xuchl/gomod v1.0.0 h1:0wpzmPwzL67KBXAfkgMPoysoFN+SVWkIKj5Whwg1DxA=
github.com/xuchl/gomod v1.0.0/go.mod h1:5Huf5W+7hnoJr/TVeKtbLJL79QX1EVmdwPPcOUEXazc=
github.com/xuchl/gomod v1.0.2 h1:t+qVCpnSgz8M7/l8fItAJnC+ZjUAfnH2keV4QQEayO0=
github.com/xuchl/gomod v1.0.2/go.mod h1:5Huf5W+7hnoJr/TVeKtbLJL79QX1EVmdwPPcOUEXazc=
github.com/xuchl/gomod v1.0.3 h1:mVxSVR8QOPGR5kREziNkSPlenhRuLep2eb1Sj9SsiWs=
github.com/xuchl/gomod v1.0.3/go.mod h1:5Huf5W+7hnoJr/TVeKtbLJL79QX1EVmdwPPcOUEXazc=
github.com/xuchl/gomod v1.0.4 h1:LE9mHq13tgV3H4LHWo48EbCgp2tlASRe7MXBxtQGQ5A=
github.com/xuchl/gomod v1.0.4/go.mod h1:5Huf5W+7hnoJr/TVeKtbLJL79QX1EVmdwPPcOUEXazc=
